# Code generated by scarb DO NOT EDIT.
version = 1

[[package]]
name = "ekubo"
version = "0.1.0"
source = "git+https://github.com/EkuboProtocol/starknet-contracts?rev=8b4de8b5701d10b101c06b786740bf45b6cf15cb#8b4de8b5701d10b101c06b786740bf45b6cf15cb"

[[package]]
name = "ekubo_contracts"
version = "0.1.0"
dependencies = [
 "ekubo",
 "openzeppelin_token",
]

[[package]]
name = "openzeppelin_access"
version = "3.0.0"
source = "registry+https://scarbs.xyz/"
checksum = "sha256:2c7fab22d2601fca4f456c81272637f2563a423652d1671383bbe3d007803977"
dependencies = [
 "openzeppelin_interfaces",
 "openzeppelin_introspection",
]

[[package]]
name = "openzeppelin_interfaces"
version = "2.1.0"
source = "registry+https://scarbs.xyz/"
checksum = "sha256:f69fdb36eb894a0e0732385e723c5ff56d8cb4c1d49b29446c77eefac00b02a5"

[[package]]
name = "openzeppelin_introspection"
version = "3.0.0"
source = "registry+https://scarbs.xyz/"
checksum = "sha256:ee491981a69736cde220f8b7dd290b6d8620c85ee6b83c81f665f5bef78b62b1"
dependencies = [
 "openzeppelin_interfaces",
]

[[package]]
name = "openzeppelin_token"
version = "3.0.0"
source = "registry+https://scarbs.xyz/"
checksum = "sha256:5ce19d297251d9f11acc38a3e3e2faeb2e73b003c8de2f02c7c5d06d9161a5fc"
dependencies = [
 "openzeppelin_access",
 "openzeppelin_interfaces",
 "openzeppelin_introspection",
 "openzeppelin_utils",
]

[[package]]
name = "openzeppelin_utils"
version = "2.1.0"
source = "registry+https://scarbs.xyz/"
checksum = "sha256:4d5504fef1c5a6d9fee6a3ae392004a4a24b4b3ccb790c5e5217da96beb73e08"
dependencies = [
 "openzeppelin_interfaces",
]
